
Microsoft Visual Studio Solution File, Format Version 12.00
# Visual Studio 15
VisualStudioVersion = 15.0.28307.168
MinimumVisualStudioVersion = 10.0.40219.1
Project("{FAE04EC0-301F-11D3-BF4B-00C04F79EFBC}") = "PizzaDotNET", "PizzaDotNET\PizzaDotNET.csproj", "{D3CDB430-F310-4B4C-8368-2C74253D6BA1}"
EndProject
Global
	GlobalSection(SolutionConfigurationPlatforms) = preSolution
		Debug|Any CPU = Debug|Any CPU
		Release|Any CPU = Release|Any CPU
	EndGlobalSection
	GlobalSection(ProjectConfigurationPlatforms) = postSolution
		{D3CDB430-F310-4B4C-8368-2C74253D6BA1}.Debug|Any CPU.ActiveCfg = Debug|Any CPU
		{D3CDB430-F310-4B4C-8368-2C74253D6BA1}.Debug|Any CPU.Build.0 = Debug|Any CPU
		{D3CDB430-F310-4B4C-8368-2C74253D6BA1}.Release|Any CPU.ActiveCfg = Release|Any CPU
		{D3CDB430-F310-4B4C-8368-2C74253D6BA1}.Release|Any CPU.Build.0 = Release|Any CPU
	EndGlobalSection
	GlobalSection(SolutionProperties) = preSolution
		HideSolutionNode = FALSE
	EndGlobalSection
	GlobalSection(ExtensibilityGlobals) = postSolution
		SolutionGuid = {4733E0D7-BAE5-4393-B9CF-A39817564132}
	EndGlobalSection
EndGlobal
